
Microsoft Visual Studio Solution File, Format Version 12.00
# Visual Studio Version 16
VisualStudioVersion = 16.0.30011.22
MinimumVisualStudioVersion = 10.0.40219.1
Project("{FAE04EC0-301F-11D3-BF4B-00C04F79EFBC}") = "Client", "Client\Client.csproj", "{866CD7F9-2B2A-4061-B1EF-4E1C53EF0D3D}"
EndProject
Project("{FAE04EC0-301F-11D3-BF4B-00C04F79EFBC}") = "Server", "Server\Server.csproj", "{C59245B6-9076-4F51-80BF-A29339058573}"
EndProject
Project("{FAE04EC0-301F-11D3-BF4B-00C04F79EFBC}") = "Model", "Model\Model.csproj", "{BB704448-8C6A-4EEC-BD09-50A6CE87E2B4}"
EndProject
Global
	GlobalSection(SolutionConfigurationPlatforms) = preSolution
		Debug|Any CPU = Debug|Any CPU
		Release|Any CPU = Release|Any CPU
	EndGlobalSection
	GlobalSection(ProjectConfigurationPlatforms) = postSolution
		{866CD7F9-2B2A-4061-B1EF-4E1C53EF0D3D}.Debug|Any CPU.ActiveCfg = Debug|Any CPU
		{866CD7F9-2B2A-4061-B1EF-4E1C53EF0D3D}.Debug|Any CPU.Build.0 = Debug|Any CPU
		{866CD7F9-2B2A-4061-B1EF-4E1C53EF0D3D}.Release|Any CPU.ActiveCfg = Release|Any CPU
		{866CD7F9-2B2A-4061-B1EF-4E1C53EF0D3D}.Release|Any CPU.Build.0 = Release|Any CPU
		{C59245B6-9076-4F51-80BF-A29339058573}.Debug|Any CPU.ActiveCfg = Debug|Any CPU
		{C59245B6-9076-4F51-80BF-A29339058573}.Debug|Any CPU.Build.0 = Debug|Any CPU
		{C59245B6-9076-4F51-80BF-A29339058573}.Release|Any CPU.ActiveCfg = Release|Any CPU
		{C59245B6-9076-4F51-80BF-A29339058573}.Release|Any CPU.Build.0 = Release|Any CPU
		{BB704448-8C6A-4EEC-BD09-50A6CE87E2B4}.Debug|Any CPU.ActiveCfg = Debug|Any CPU
		{BB704448-8C6A-4EEC-BD09-50A6CE87E2B4}.Debug|Any CPU.Build.0 = Debug|Any CPU
		{BB704448-8C6A-4EEC-BD09-50A6CE87E2B4}.Release|Any CPU.ActiveCfg = Release|Any CPU
		{BB704448-8C6A-4EEC-BD09-50A6CE87E2B4}.Release|Any CPU.Build.0 = Release|Any CPU
	EndGlobalSection
	GlobalSection(SolutionProperties) = preSolution
		HideSolutionNode = FALSE
	EndGlobalSection
	GlobalSection(ExtensibilityGlobals) = postSolution
		SolutionGuid = {2973F834-A2BC-4140-8461-E553863CD691}
	EndGlobalSection
EndGlobal
